# This file is generated by running "yarn install" inside your project.
# Manual changes might be lost - proceed with caution!

__metadata:
  version: 6

"esbuild-yarn-demo@workspace:.":
  version: 0.0.0-use.local
  resolution: "esbuild-yarn-demo@workspace:."
  languageName: unknown
  linkType: soft

"package-a@workspace:packages/package-a":
  version: 0.0.0-use.local
  resolution: "package-a@workspace:packages/package-a"
  languageName: unknown
  linkType: soft
